
Microsoft Visual Studio Solution File, Format Version 12.00
# Visual Studio Version 16
VisualStudioVersion = 25.0.1705.6
MinimumVisualStudioVersion = 10.0.40219.1
Project("{FAE04EC0-301F-11D3-BF4B-00C04F79EFBC}") = "Day2AOC", "Day2AOC\Day2AOC.csproj", "{5F403C29-1E9E-4246-8006-C8865B9F4DD1}"
EndProject
Global
	GlobalSection(SolutionConfigurationPlatforms) = preSolution
		Debug|Any CPU = Debug|Any CPU
		Release|Any CPU = Release|Any CPU
	EndGlobalSection
	GlobalSection(ProjectConfigurationPlatforms) = postSolution
		{5F403C29-1E9E-4246-8006-C8865B9F4DD1}.Debug|Any CPU.ActiveCfg = Debug|Any CPU
		{5F403C29-1E9E-4246-8006-C8865B9F4DD1}.Debug|Any CPU.Build.0 = Debug|Any CPU
		{5F403C29-1E9E-4246-8006-C8865B9F4DD1}.Release|Any CPU.ActiveCfg = Release|Any CPU
		{5F403C29-1E9E-4246-8006-C8865B9F4DD1}.Release|Any CPU.Build.0 = Release|Any CPU
	EndGlobalSection
	GlobalSection(SolutionProperties) = preSolution
		HideSolutionNode = FALSE
	EndGlobalSection
	GlobalSection(ExtensibilityGlobals) = postSolution
		SolutionGuid = {8F462FB4-39F1-4041-842A-6D6C2C1DEAC9}
	EndGlobalSection
EndGlobal
